Microsoft Visual Studio Solution File, Format Version 12.00
# Visual Studio Version 17
VisualStudioVersion = 17.5.2.0
MinimumVisualStudioVersion = 10.0.40219.1
Project("{FAE04EC0-301F-11D3-BF4B-00C04F79EFBC}") = "GEOMETRY-SOLID-APP", "GEOMETRY-SOLID-APP.csproj", "{1BC10EEC-5C92-D695-EB33-905A708FBE24}"
EndProject
Global
	GlobalSection(SolutionConfigurationPlatforms) = preSolution
		Debug|Any CPU = Debug|Any CPU
		Release|Any CPU = Release|Any CPU
	EndGlobalSection
	GlobalSection(ProjectConfigurationPlatforms) = postSolution
		{1BC10EEC-5C92-D695-EB33-905A708FBE24}.Debug|Any CPU.ActiveCfg = Debug|Any CPU
		{1BC10EEC-5C92-D695-EB33-905A708FBE24}.Debug|Any CPU.Build.0 = Debug|Any CPU
		{1BC10EEC-5C92-D695-EB33-905A708FBE24}.Release|Any CPU.ActiveCfg = Release|Any CPU
		{1BC10EEC-5C92-D695-EB33-905A708FBE24}.Release|Any CPU.Build.0 = Release|Any CPU
	EndGlobalSection
	GlobalSection(SolutionProperties) = preSolution
		HideSolutionNode = FALSE
	EndGlobalSection
	GlobalSection(ExtensibilityGlobals) = postSolution
		SolutionGuid = {10CC7361-0EB3-44E5-A020-73C47EA4B1AE}
	EndGlobalSection
EndGlobal
